// !$*UTF8*$!
{
	archiveVersion = 1;
	classes = {
	};
	objectVersion = 46;
	objects = {

/* Begin PBXBuildFile section */
		09CE6F29183F833A00BECC16 /* main.c in Sources */ = {isa = PBXBuildFile; fileRef = 09CE6F28183F833A00BECC16 /* main.c */; };
		09CE6F2B183F833A00BECC16 /* Centri_Commeciali.1 in CopyFiles */ = {isa = PBXBuildFile; fileRef = 09CE6F2A183F833A00BECC16 /* Centri_Commeciali.1 */; };
		09CE6F33183F83F900BECC16 /* prodotti.c in Sources */ = {isa = PBXBuildFile; fileRef = 09CE6F32183F83F900BECC16 /* prodotti.c */; };
		09CE6F36183F885200BECC16 /* centriCommerciali.c in Sources */ = {isa = PBXBuildFile; fileRef = 09CE6F35183F885200BECC16 /* centriCommerciali.c */; };
/* End PBXBuildFile section */

/* Begin PBXCopyFilesBuildPhase section */
		09CE6F23183F833A00BECC16 /* CopyFiles */ = {
			isa = PBXCopyFilesBuildPhase;
			buildActionMask = 2147483647;
			dstPath = /usr/share/man/man1/;
			dstSubfolderSpec = 0;
			files = (
				09CE6F2B183F833A00BECC16 /* Centri_Commeciali.1 in CopyFiles */,
			);
			runOnlyForDeploymentPostprocessing = 1;
		};
/* End PBXCopyFilesBuildPhase section */

/* Begin PBXFileReference section */
		09CE6F25183F833A00BECC16 /* Centri Commeciali */ = {isa = PBXFileReference; explicitFileType = "compiled.mach-o.executable"; includeInIndex = 0; path = "Centri Commeciali"; sourceTree = BUILT_PRODUCTS_DIR; };
		09CE6F28183F833A00BECC16 /* main.c */ = {isa = PBXFileReference; lastKnownFileType = sourcecode.c.c; path = main.c; sourceTree = "<group>"; };
		09CE6F2A183F833A00BECC16 /* Centri_Commeciali.1 */ = {isa = PBXFileReference; lastKnownFileType = text.man; path = Centri_Commeciali.1; sourceTree = "<group>"; };
		09CE6F31183F834800BECC16 /* prodotti.h */ = {isa = PBXFileReference; lastKnownFileType = sourcecode.c.h; path = prodotti.h; sourceTree = "<group>"; };
		09CE6F32183F83F900BECC16 /* prodotti.c */ = {isa = PBXFileReference; fileEncoding = 4; lastKnownFileType = sourcecode.c.c; path = prodotti.c; sourceTree = "<group>"; };
		09CE6F34183F877700BECC16 /* centriCommerciali.h */ = {isa = PBXFileReference; lastKnownFileType = sourcecode.c.h; path = centriCommerciali.h; sourceTree = "<group>"; };
		09CE6F35183F885200BECC16 /* centriCommerciali.c */ = {isa = PBXFileReference; fileEncoding = 4; lastKnownFileType = sourcecode.c.c; path = centriCommerciali.c; sourceTree = "<group>"; };
/* End PBXFileReference section */

/* Begin PBXFrameworksBuildPhase section */
		09CE6F22183F833A00BECC16 /* Frameworks */ = {
			isa = PBXFrameworksBuildPhase;
			buildActionMask = 2147483647;
			files = (
			);
			runOnlyForDeploymentPostprocessing = 0;
		};
/* End PBXFrameworksBuildPhase section */

/* Begin PBXGroup section */
		09CE6F1C183F833A00BECC16 = {
			isa = PBXGroup;
			children = (
				09CE6F27183F833A00BECC16 /* Centri Commeciali */,
				09CE6F26183F833A00BECC16 /* Products */,
			);
			sourceTree = "<group>";
		};
		09CE6F26183F833A00BECC16 /* Products */ = {
			isa = PBXGroup;
			children = (
				09CE6F25183F833A00BECC16 /* Centri Commeciali */,
			);
			name = Products;
			sourceTree = "<group>";
		};
		09CE6F27183F833A00BECC16 /* Centri Commeciali */ = {
			isa = PBXGroup;
			children = (
				09CE6F28183F833A00BECC16 /* main.c */,
				09CE6F35183F885200BECC16 /* centriCommerciali.c */,
				09CE6F34183F877700BECC16 /* centriCommerciali.h */,
				09CE6F32183F83F900BECC16 /* prodotti.c */,
				09CE6F31183F834800BECC16 /* prodotti.h */,
				09CE6F2A183F833A00BECC16 /* Centri_Commeciali.1 */,
			);
			path = "Centri Commeciali";
			sourceTree = "<group>";
		};
/* End PBXGroup section */

/* Begin PBXNativeTarget section */
		09CE6F24183F833A00BECC16 /* Centri Commeciali */ = {
			isa = PBXNativeTarget;
			buildConfigurationList = 09CE6F2E183F833A00BECC16 /* Build configuration list for PBXNativeTarget "Centri Commeciali" */;
			buildPhases = (
				09CE6F21183F833A00BECC16 /* Sources */,
				09CE6F22183F833A00BECC16 /* Frameworks */,
				09CE6F23183F833A00BECC16 /* CopyFiles */,
			);
			buildRules = (
			);
			dependencies = (
			);
			name = "Centri Commeciali";
			productName = "Centri Commeciali";
			productReference = 09CE6F25183F833A00BECC16 /* Centri Commeciali */;
			productType = "com.apple.product-type.tool";
		};
/* End PBXNativeTarget section */

/* Begin PBXProject section */
		09CE6F1D183F833A00BECC16 /* Project object */ = {
			isa = PBXProject;
			attributes = {
				LastUpgradeCheck = 0500;
				ORGANIZATIONNAME = "Marco Faretra";
			};
			buildConfigurationList = 09CE6F20183F833A00BECC16 /* Build configuration list for PBXProject "Centri Commeciali" */;
			compatibilityVersion = "Xcode 3.2";
			developmentRegion = English;
			hasScannedForEncodings = 0;
			knownRegions = (
				en,
			);
			mainGroup = 09CE6F1C183F833A00BECC16;
			productRefGroup = 09CE6F26183F833A00BECC16 /* Products */;
			projectDirPath = "";
			projectRoot = "";
			targets = (
				09CE6F24183F833A00BECC16 /* Centri Commeciali */,
			);
		};
/* End PBXProject section */

/* Begin PBXSourcesBuildPhase section */
		09CE6F21183F833A00BECC16 /* Sources */ = {
			isa = PBXSourcesBuildPhase;
			buildActionMask = 2147483647;
			files = (
				09CE6F36183F885200BECC16 /* centriCommerciali.c in Sources */,
				09CE6F33183F83F900BECC16 /* prodotti.c in Sources */,
				09CE6F29183F833A00BECC16 /* main.c in Sources */,
			);
			runOnlyForDeploymentPostprocessing = 0;
		};
/* End PBXSourcesBuildPhase section */

/* Begin XCBuildConfiguration section */
		09CE6F2C183F833A00BECC16 /* Debug */ = {
			isa = XCBuildConfiguration;
			buildSettings = {
				ALWAYS_SEARCH_USER_PATHS = NO;
				CLANG_CXX_LANGUAGE_STANDARD = "gnu++0x";
				CLANG_CXX_LIBRARY = "libc++";
				CLANG_ENABLE_OBJC_ARC = YES;
				CLANG_WARN_BOOL_CONVERSION = YES;
				CLANG_WARN_CONSTANT_CONVERSION = YES;
				CLANG_WARN_DIRECT_OBJC_ISA_USAGE = YES_ERROR;
				CLANG_WARN_EMPTY_BODY = YES;
				CLANG_WARN_ENUM_CONVERSION = YES;
				CLANG_WARN_INT_CONVERSION = YES;
				CLANG_WARN_OBJC_ROOT_CLASS = YES_ERROR;
				CLANG_WARN__DUPLICATE_METHOD_MATCH = YES;
				COPY_PHASE_STRIP = NO;
				GCC_C_LANGUAGE_STANDARD = gnu99;
				GCC_DYNAMIC_NO_PIC = NO;
				GCC_ENABLE_OBJC_EXCEPTIONS = YES;
				GCC_OPTIMIZATION_LEVEL = 0;
				GCC_PREPROCESSOR_DEFINITIONS = (
					"DEBUG=1",
					"$(inherited)",
				);
				GCC_SYMBOLS_PRIVATE_EXTERN = NO;
				GCC_WARN_64_TO_32_BIT_CONVERSION = YES;
				GCC_WARN_ABOUT_RETURN_TYPE = YES_ERROR;
				GCC_WARN_UNDECLARED_SELECTOR = YES;
				GCC_WARN_UNINITIALIZED_AUTOS = YES;
				GCC_WARN_UNUSED_FUNCTION = YES;
				GCC_WARN_UNUSED_VARIABLE = YES;
				MACOSX_DEPLOYMENT_TARGET = 10.9;
				ONLY_ACTIVE_ARCH = YES;
				SDKROOT = macosx;
			};
			name = Debug;
		};
		09CE6F2D183F833A00BECC16 /* Release */ = {
			isa = XCBuildConfiguration;
			buildSettings = {
				ALWAYS_SEARCH_USER_PATHS = NO;
				CLANG_CXX_LANGUAGE_STANDARD = "gnu++0x";
				CLANG_CXX_LIBRARY = "libc++";
				CLANG_ENABLE_OBJC_ARC = YES;
				CLANG_WARN_BOOL_CONVERSION = YES;
				CLANG_WARN_CONSTANT_CONVERSION = YES;
				CLANG_WARN_DIRECT_OBJC_ISA_USAGE = YES_ERROR;
				CLANG_WARN_EMPTY_BODY = YES;
				CLANG_WARN_ENUM_CONVERSION = YES;
				CLANG_WARN_INT_CONVERSION = YES;
				CLANG_WARN_OBJC_ROOT_CLASS = YES_ERROR;
				CLANG_WARN__DUPLICATE_METHOD_MATCH = YES;
				COPY_PHASE_STRIP = YES;
				DEBUG_INFORMATION_FORMAT = "dwarf-with-dsym";
				ENABLE_NS_ASSERTIONS = NO;
				GCC_C_LANGUAGE_STANDARD = gnu99;
				GCC_ENABLE_OBJC_EXCEPTIONS = YES;
				GCC_WARN_64_TO_32_BIT_CONVERSION = YES;
				GCC_WARN_ABOUT_RETURN_TYPE = YES_ERROR;
				GCC_WARN_UNDECLARED_SELECTOR = YES;
				GCC_WARN_UNINITIALIZED_AUTOS = YES;
				GCC_WARN_UNUSED_FUNCTION = YES;
				GCC_WARN_UNUSED_VARIABLE = YES;
				MACOSX_DEPLOYMENT_TARGET = 10.9;
				SDKROOT = macosx;
			};
			name = Release;
		};
		09CE6F2F183F833A00BECC16 /* Debug */ = {
			isa = XCBuildConfiguration;
			buildSettings = {
				PRODUCT_NAME = "$(TARGET_NAME)";
			};
			name = Debug;
		};
		09CE6F30183F833A00BECC16 /* Release */ = {
			isa = XCBuildConfiguration;
			buildSettings = {
				PRODUCT_NAME = "$(TARGET_NAME)";
			};
			name = Release;
		};
/* End XCBuildConfiguration section */

/* Begin XCConfigurationList section */
		09CE6F20183F833A00BECC16 /* Build configuration list for PBXProject "Centri Commeciali" */ = {
			isa = XCConfigurationList;
			buildConfigurations = (
				09CE6F2C183F833A00BECC16 /* Debug */,
				09CE6F2D183F833A00BECC16 /* Release */,
			);
			defaultConfigurationIsVisible = 0;
			defaultConfigurationName = Release;
		};
		09CE6F2E183F833A00BECC16 /* Build configuration list for PBXNativeTarget "Centri Commeciali" */ = {
			isa = XCConfigurationList;
			buildConfigurations = (
				09CE6F2F183F833A00BECC16 /* Debug */,
				09CE6F30183F833A00BECC16 /* Release */,
			);
			defaultConfigurationIsVisible = 0;
		};
/* End XCConfigurationList section */
	};
	rootObject = 09CE6F1D183F833A00BECC16 /* Project object */;
}
