// !$*UTF8*$!
{
	archiveVersion = 1;
	classes = {
	};
	objectVersion = 46;
	objects = {

/* Begin PBXBuildFile section */
		0902AB0F1B395F2800D1B35C /* main.c in Sources */ = {isa = PBXBuildFile; fileRef = 0902AB0E1B395F2800D1B35C /* main.c */; };
		0902AB171B3960B100D1B35C /* charTree.c in Sources */ = {isa = PBXBuildFile; fileRef = 0902AB161B3960B100D1B35C /* charTree.c */; };
		0902AB1A1B396B0C00D1B35C /* intList.c in Sources */ = {isa = PBXBuildFile; fileRef = 0902AB191B396B0C00D1B35C /* intList.c */; };
/* End PBXBuildFile section */

/* Begin PBXCopyFilesBuildPhase section */
		0902AB091B395F2800D1B35C /* CopyFiles */ = {
			isa = PBXCopyFilesBuildPhase;
			buildActionMask = 2147483647;
			dstPath = /usr/share/man/man1/;
			dstSubfolderSpec = 0;
			files = (
			);
			runOnlyForDeploymentPostprocessing = 1;
		};
/* End PBXCopyFilesBuildPhase section */

/* Begin PBXFileReference section */
		0902AB0B1B395F2800D1B35C /* 18_06_2014 */ = {isa = PBXFileReference; explicitFileType = "compiled.mach-o.executable"; includeInIndex = 0; path = 18_06_2014; sourceTree = BUILT_PRODUCTS_DIR; };
		0902AB0E1B395F2800D1B35C /* main.c */ = {isa = PBXFileReference; lastKnownFileType = sourcecode.c.c; path = main.c; sourceTree = "<group>"; };
		0902AB151B39603400D1B35C /* charTree.h */ = {isa = PBXFileReference; lastKnownFileType = sourcecode.c.h; path = charTree.h; sourceTree = "<group>"; };
		0902AB161B3960B100D1B35C /* charTree.c */ = {isa = PBXFileReference; fileEncoding = 4; lastKnownFileType = sourcecode.c.c; path = charTree.c; sourceTree = "<group>"; };
		0902AB181B396ADF00D1B35C /* intList.h */ = {isa = PBXFileReference; lastKnownFileType = sourcecode.c.h; path = intList.h; sourceTree = "<group>"; };
		0902AB191B396B0C00D1B35C /* intList.c */ = {isa = PBXFileReference; fileEncoding = 4; lastKnownFileType = sourcecode.c.c; path = intList.c; sourceTree = "<group>"; };
/* End PBXFileReference section */

/* Begin PBXFrameworksBuildPhase section */
		0902AB081B395F2800D1B35C /* Frameworks */ = {
			isa = PBXFrameworksBuildPhase;
			buildActionMask = 2147483647;
			files = (
			);
			runOnlyForDeploymentPostprocessing = 0;
		};
/* End PBXFrameworksBuildPhase section */

/* Begin PBXGroup section */
		0902AB021B395F2800D1B35C = {
			isa = PBXGroup;
			children = (
				0902AB0D1B395F2800D1B35C /* 18_06_2014 */,
				0902AB0C1B395F2800D1B35C /* Products */,
			);
			sourceTree = "<group>";
		};
		0902AB0C1B395F2800D1B35C /* Products */ = {
			isa = PBXGroup;
			children = (
				0902AB0B1B395F2800D1B35C /* 18_06_2014 */,
			);
			name = Products;
			sourceTree = "<group>";
		};
		0902AB0D1B395F2800D1B35C /* 18_06_2014 */ = {
			isa = PBXGroup;
			children = (
				0902AB0E1B395F2800D1B35C /* main.c */,
				0902AB151B39603400D1B35C /* charTree.h */,
				0902AB161B3960B100D1B35C /* charTree.c */,
				0902AB181B396ADF00D1B35C /* intList.h */,
				0902AB191B396B0C00D1B35C /* intList.c */,
			);
			path = 18_06_2014;
			sourceTree = "<group>";
		};
/* End PBXGroup section */

/* Begin PBXNativeTarget section */
		0902AB0A1B395F2800D1B35C /* 18_06_2014 */ = {
			isa = PBXNativeTarget;
			buildConfigurationList = 0902AB121B395F2800D1B35C /* Build configuration list for PBXNativeTarget "18_06_2014" */;
			buildPhases = (
				0902AB071B395F2800D1B35C /* Sources */,
				0902AB081B395F2800D1B35C /* Frameworks */,
				0902AB091B395F2800D1B35C /* CopyFiles */,
			);
			buildRules = (
			);
			dependencies = (
			);
			name = 18_06_2014;
			productName = 18_06_2014;
			productReference = 0902AB0B1B395F2800D1B35C /* 18_06_2014 */;
			productType = "com.apple.product-type.tool";
		};
/* End PBXNativeTarget section */

/* Begin PBXProject section */
		0902AB031B395F2800D1B35C /* Project object */ = {
			isa = PBXProject;
			attributes = {
				LastUpgradeCheck = 0630;
				ORGANIZATIONNAME = "Marco Faretra";
				TargetAttributes = {
					0902AB0A1B395F2800D1B35C = {
						CreatedOnToolsVersion = 6.3.2;
					};
				};
			};
			buildConfigurationList = 0902AB061B395F2800D1B35C /* Build configuration list for PBXProject "18_06_2014" */;
			compatibilityVersion = "Xcode 3.2";
			developmentRegion = English;
			hasScannedForEncodings = 0;
			knownRegions = (
				en,
			);
			mainGroup = 0902AB021B395F2800D1B35C;
			productRefGroup = 0902AB0C1B395F2800D1B35C /* Products */;
			projectDirPath = "";
			projectRoot = "";
			targets = (
				0902AB0A1B395F2800D1B35C /* 18_06_2014 */,
			);
		};
/* End PBXProject section */

/* Begin PBXSourcesBuildPhase section */
		0902AB071B395F2800D1B35C /* Sources */ = {
			isa = PBXSourcesBuildPhase;
			buildActionMask = 2147483647;
			files = (
				0902AB0F1B395F2800D1B35C /* main.c in Sources */,
				0902AB171B3960B100D1B35C /* charTree.c in Sources */,
				0902AB1A1B396B0C00D1B35C /* intList.c in Sources */,
			);
			runOnlyForDeploymentPostprocessing = 0;
		};
/* End PBXSourcesBuildPhase section */

/* Begin XCBuildConfiguration section */
		0902AB101B395F2800D1B35C /* Debug */ = {
			isa = XCBuildConfiguration;
			buildSettings = {
				ALWAYS_SEARCH_USER_PATHS = NO;
				CLANG_CXX_LANGUAGE_STANDARD = "gnu++0x";
				CLANG_CXX_LIBRARY = "libc++";
				CLANG_ENABLE_MODULES = YES;
				CLANG_ENABLE_OBJC_ARC = YES;
				CLANG_WARN_BOOL_CONVERSION = YES;
				CLANG_WARN_CONSTANT_CONVERSION = YES;
				CLANG_WARN_DIRECT_OBJC_ISA_USAGE = YES_ERROR;
				CLANG_WARN_EMPTY_BODY = YES;
				CLANG_WARN_ENUM_CONVERSION = YES;
				CLANG_WARN_INT_CONVERSION = YES;
				CLANG_WARN_OBJC_ROOT_CLASS = YES_ERROR;
				CLANG_WARN_UNREACHABLE_CODE = YES;
				CLANG_WARN__DUPLICATE_METHOD_MATCH = YES;
				COPY_PHASE_STRIP = NO;
				DEBUG_INFORMATION_FORMAT = dwarf;
				ENABLE_STRICT_OBJC_MSGSEND = YES;
				GCC_C_LANGUAGE_STANDARD = gnu99;
				GCC_DYNAMIC_NO_PIC = NO;
				GCC_NO_COMMON_BLOCKS = YES;
				GCC_OPTIMIZATION_LEVEL = 0;
				GCC_PREPROCESSOR_DEFINITIONS = (
					"DEBUG=1",
					"$(inherited)",
				);
				GCC_SYMBOLS_PRIVATE_EXTERN = NO;
				GCC_WARN_64_TO_32_BIT_CONVERSION = YES;
				GCC_WARN_ABOUT_RETURN_TYPE = YES_ERROR;
				GCC_WARN_UNDECLARED_SELECTOR = YES;
				GCC_WARN_UNINITIALIZED_AUTOS = YES_AGGRESSIVE;
				GCC_WARN_UNUSED_FUNCTION = YES;
				GCC_WARN_UNUSED_VARIABLE = YES;
				MACOSX_DEPLOYMENT_TARGET = 10.10;
				MTL_ENABLE_DEBUG_INFO = YES;
				ONLY_ACTIVE_ARCH = YES;
				SDKROOT = macosx;
			};
			name = Debug;
		};
		0902AB111B395F2800D1B35C /* Release */ = {
			isa = XCBuildConfiguration;
			buildSettings = {
				ALWAYS_SEARCH_USER_PATHS = NO;
				CLANG_CXX_LANGUAGE_STANDARD = "gnu++0x";
				CLANG_CXX_LIBRARY = "libc++";
				CLANG_ENABLE_MODULES = YES;
				CLANG_ENABLE_OBJC_ARC = YES;
				CLANG_WARN_BOOL_CONVERSION = YES;
				CLANG_WARN_CONSTANT_CONVERSION = YES;
				CLANG_WARN_DIRECT_OBJC_ISA_USAGE = YES_ERROR;
				CLANG_WARN_EMPTY_BODY = YES;
				CLANG_WARN_ENUM_CONVERSION = YES;
				CLANG_WARN_INT_CONVERSION = YES;
				CLANG_WARN_OBJC_ROOT_CLASS = YES_ERROR;
				CLANG_WARN_UNREACHABLE_CODE = YES;
				CLANG_WARN__DUPLICATE_METHOD_MATCH = YES;
				COPY_PHASE_STRIP = NO;
				DEBUG_INFORMATION_FORMAT = "dwarf-with-dsym";
				ENABLE_NS_ASSERTIONS = NO;
				ENABLE_STRICT_OBJC_MSGSEND = YES;
				GCC_C_LANGUAGE_STANDARD = gnu99;
				GCC_NO_COMMON_BLOCKS = YES;
				GCC_WARN_64_TO_32_BIT_CONVERSION = YES;
				GCC_WARN_ABOUT_RETURN_TYPE = YES_ERROR;
				GCC_WARN_UNDECLARED_SELECTOR = YES;
				GCC_WARN_UNINITIALIZED_AUTOS = YES_AGGRESSIVE;
				GCC_WARN_UNUSED_FUNCTION = YES;
				GCC_WARN_UNUSED_VARIABLE = YES;
				MACOSX_DEPLOYMENT_TARGET = 10.10;
				MTL_ENABLE_DEBUG_INFO = NO;
				SDKROOT = macosx;
			};
			name = Release;
		};
		0902AB131B395F2800D1B35C /* Debug */ = {
			isa = XCBuildConfiguration;
			buildSettings = {
				PRODUCT_NAME = "$(TARGET_NAME)";
			};
			name = Debug;
		};
		0902AB141B395F2800D1B35C /* Release */ = {
			isa = XCBuildConfiguration;
			buildSettings = {
				PRODUCT_NAME = "$(TARGET_NAME)";
			};
			name = Release;
		};
/* End XCBuildConfiguration section */

/* Begin XCConfigurationList section */
		0902AB061B395F2800D1B35C /* Build configuration list for PBXProject "18_06_2014" */ = {
			isa = XCConfigurationList;
			buildConfigurations = (
				0902AB101B395F2800D1B35C /* Debug */,
				0902AB111B395F2800D1B35C /* Release */,
			);
			defaultConfigurationIsVisible = 0;
			defaultConfigurationName = Release;
		};
		0902AB121B395F2800D1B35C /* Build configuration list for PBXNativeTarget "18_06_2014" */ = {
			isa = XCConfigurationList;
			buildConfigurations = (
				0902AB131B395F2800D1B35C /* Debug */,
				0902AB141B395F2800D1B35C /* Release */,
			);
			defaultConfigurationIsVisible = 0;
		};
/* End XCConfigurationList section */
	};
	rootObject = 0902AB031B395F2800D1B35C /* Project object */;
}
